
Microsoft Visual Studio Solution File, Format Version 12.00
# Visual Studio 2012
Project("{FAE04EC0-301F-11D3-BF4B-00C04F79EFBC}") = "WCSPoollie", "WCSPoollie\WCSPoollie\WCSPoollie.csproj", "{C42F236D-46EE-4050-968B-07E0D79C31B4}"
EndProject
Project("{FAE04EC0-301F-11D3-BF4B-00C04F79EFBC}") = "WCSPoollie.iOS", "WCSPoollie\WCSPoollie.iOS\WCSPoollie.iOS.csproj", "{C775BAC7-4697-408C-9D13-88302FFDE67E}"
EndProject
Project("{FAE04EC0-301F-11D3-BF4B-00C04F79EFBC}") = "WCSPoollie.Android", "WCSPoollie\WCSPoollie.Android\WCSPoollie.Android.csproj", "{90FF57D4-4332-4AE0-B78F-1E3372A5F3C8}"
EndProject
Global
	GlobalSection(SolutionConfigurationPlatforms) = preSolution
		Ad-Hoc|Any CPU = Ad-Hoc|Any CPU
		Ad-Hoc|iPhone = Ad-Hoc|iPhone
		Ad-Hoc|iPhoneSimulator = Ad-Hoc|iPhoneSimulator
		Ad-Hoc|Mixed Platforms = Ad-Hoc|Mixed Platforms
		AppStore|Any CPU = AppStore|Any CPU
		AppStore|iPhone = AppStore|iPhone
		AppStore|iPhoneSimulator = AppStore|iPhoneSimulator
		AppStore|Mixed Platforms = AppStore|Mixed Platforms
		Debug|Any CPU = Debug|Any CPU
		Debug|iPhone = Debug|iPhone
		Debug|iPhoneSimulator = Debug|iPhoneSimulator
		Debug|Mixed Platforms = Debug|Mixed Platforms
		Release|Any CPU = Release|Any CPU
		Release|iPhone = Release|iPhone
		Release|iPhoneSimulator = Release|iPhoneSimulator
		Release|Mixed Platforms = Release|Mixed Platforms
	EndGlobalSection
	GlobalSection(ProjectConfigurationPlatforms) = postSolution
		{C42F236D-46EE-4050-968B-07E0D79C31B4}.Ad-Hoc|Any CPU.ActiveCfg = Release|Any CPU
		{C42F236D-46EE-4050-968B-07E0D79C31B4}.Ad-Hoc|Any CPU.Build.0 = Release|Any CPU
		{C42F236D-46EE-4050-968B-07E0D79C31B4}.Ad-Hoc|iPhone.ActiveCfg = Release|Any CPU
		{C42F236D-46EE-4050-968B-07E0D79C31B4}.Ad-Hoc|iPhoneSimulator.ActiveCfg = Release|Any CPU
		{C42F236D-46EE-4050-968B-07E0D79C31B4}.Ad-Hoc|Mixed Platforms.ActiveCfg = Release|Any CPU
		{C42F236D-46EE-4050-968B-07E0D79C31B4}.Ad-Hoc|Mixed Platforms.Build.0 = Release|Any CPU
		{C42F236D-46EE-4050-968B-07E0D79C31B4}.AppStore|Any CPU.ActiveCfg = Release|Any CPU
		{C42F236D-46EE-4050-968B-07E0D79C31B4}.AppStore|Any CPU.Build.0 = Release|Any CPU
		{C42F236D-46EE-4050-968B-07E0D79C31B4}.AppStore|iPhone.ActiveCfg = Release|Any CPU
		{C42F236D-46EE-4050-968B-07E0D79C31B4}.AppStore|iPhoneSimulator.ActiveCfg = Release|Any CPU
		{C42F236D-46EE-4050-968B-07E0D79C31B4}.AppStore|Mixed Platforms.ActiveCfg = Release|Any CPU
		{C42F236D-46EE-4050-968B-07E0D79C31B4}.AppStore|Mixed Platforms.Build.0 = Release|Any CPU
		{C42F236D-46EE-4050-968B-07E0D79C31B4}.Debug|Any CPU.ActiveCfg = Debug|Any CPU
		{C42F236D-46EE-4050-968B-07E0D79C31B4}.Debug|Any CPU.Build.0 = Debug|Any CPU
		{C42F236D-46EE-4050-968B-07E0D79C31B4}.Debug|iPhone.ActiveCfg = Debug|Any CPU
		{C42F236D-46EE-4050-968B-07E0D79C31B4}.Debug|iPhoneSimulator.ActiveCfg = Debug|Any CPU
		{C42F236D-46EE-4050-968B-07E0D79C31B4}.Debug|Mixed Platforms.ActiveCfg = Debug|Any CPU
		{C42F236D-46EE-4050-968B-07E0D79C31B4}.Debug|Mixed Platforms.Build.0 = Debug|Any CPU
		{C42F236D-46EE-4050-968B-07E0D79C31B4}.Release|Any CPU.ActiveCfg = Release|Any CPU
		{C42F236D-46EE-4050-968B-07E0D79C31B4}.Release|Any CPU.Build.0 = Release|Any CPU
		{C42F236D-46EE-4050-968B-07E0D79C31B4}.Release|iPhone.ActiveCfg = Release|Any CPU
		{C42F236D-46EE-4050-968B-07E0D79C31B4}.Release|iPhoneSimulator.ActiveCfg = Release|Any CPU
		{C42F236D-46EE-4050-968B-07E0D79C31B4}.Release|Mixed Platforms.ActiveCfg = Release|Any CPU
		{C42F236D-46EE-4050-968B-07E0D79C31B4}.Release|Mixed Platforms.Build.0 = Release|Any CPU
		{C775BAC7-4697-408C-9D13-88302FFDE67E}.Ad-Hoc|Any CPU.ActiveCfg = Ad-Hoc|iPhone
		{C775BAC7-4697-408C-9D13-88302FFDE67E}.Ad-Hoc|iPhone.ActiveCfg = Ad-Hoc|iPhone
		{C775BAC7-4697-408C-9D13-88302FFDE67E}.Ad-Hoc|iPhone.Build.0 = Ad-Hoc|iPhone
		{C775BAC7-4697-408C-9D13-88302FFDE67E}.Ad-Hoc|iPhone.Deploy.0 = Ad-Hoc|iPhone
		{C775BAC7-4697-408C-9D13-88302FFDE67E}.Ad-Hoc|iPhoneSimulator.ActiveCfg = Ad-Hoc|iPhoneSimulator
		{C775BAC7-4697-408C-9D13-88302FFDE67E}.Ad-Hoc|iPhoneSimulator.Build.0 = Ad-Hoc|iPhoneSimulator
		{C775BAC7-4697-408C-9D13-88302FFDE67E}.Ad-Hoc|iPhoneSimulator.Deploy.0 = Ad-Hoc|iPhoneSimulator
		{C775BAC7-4697-408C-9D13-88302FFDE67E}.Ad-Hoc|Mixed Platforms.ActiveCfg = Ad-Hoc|iPhone
		{C775BAC7-4697-408C-9D13-88302FFDE67E}.Ad-Hoc|Mixed Platforms.Build.0 = Ad-Hoc|iPhone
		{C775BAC7-4697-408C-9D13-88302FFDE67E}.Ad-Hoc|Mixed Platforms.Deploy.0 = Ad-Hoc|iPhone
		{C775BAC7-4697-408C-9D13-88302FFDE67E}.AppStore|Any CPU.ActiveCfg = AppStore|iPhone
		{C775BAC7-4697-408C-9D13-88302FFDE67E}.AppStore|iPhone.ActiveCfg = AppStore|iPhone
		{C775BAC7-4697-408C-9D13-88302FFDE67E}.AppStore|iPhone.Build.0 = AppStore|iPhone
		{C775BAC7-4697-408C-9D13-88302FFDE67E}.AppStore|iPhone.Deploy.0 = AppStore|iPhone
		{C775BAC7-4697-408C-9D13-88302FFDE67E}.AppStore|iPhoneSimulator.ActiveCfg = AppStore|iPhoneSimulator
		{C775BAC7-4697-408C-9D13-88302FFDE67E}.AppStore|iPhoneSimulator.Build.0 = AppStore|iPhoneSimulator
		{C775BAC7-4697-408C-9D13-88302FFDE67E}.AppStore|iPhoneSimulator.Deploy.0 = AppStore|iPhoneSimulator
		{C775BAC7-4697-408C-9D13-88302FFDE67E}.AppStore|Mixed Platforms.ActiveCfg = AppStore|iPhone
		{C775BAC7-4697-408C-9D13-88302FFDE67E}.AppStore|Mixed Platforms.Build.0 = AppStore|iPhone
		{C775BAC7-4697-408C-9D13-88302FFDE67E}.AppStore|Mixed Platforms.Deploy.0 = AppStore|iPhone
		{C775BAC7-4697-408C-9D13-88302FFDE67E}.Debug|Any CPU.ActiveCfg = Debug|iPhone
		{C775BAC7-4697-408C-9D13-88302FFDE67E}.Debug|iPhone.ActiveCfg = Debug|iPhone
		{C775BAC7-4697-408C-9D13-88302FFDE67E}.Debug|iPhone.Build.0 = Debug|iPhone
		{C775BAC7-4697-408C-9D13-88302FFDE67E}.Debug|iPhone.Deploy.0 = Debug|iPhone
		{C775BAC7-4697-408C-9D13-88302FFDE67E}.Debug|iPhoneSimulator.ActiveCfg = Debug|iPhoneSimulator
		{C775BAC7-4697-408C-9D13-88302FFDE67E}.Debug|iPhoneSimulator.Build.0 = Debug|iPhoneSimulator
		{C775BAC7-4697-408C-9D13-88302FFDE67E}.Debug|iPhoneSimulator.Deploy.0 = Debug|iPhoneSimulator
		{C775BAC7-4697-408C-9D13-88302FFDE67E}.Debug|Mixed Platforms.ActiveCfg = Debug|iPhone
		{C775BAC7-4697-408C-9D13-88302FFDE67E}.Debug|Mixed Platforms.Build.0 = Debug|iPhone
		{C775BAC7-4697-408C-9D13-88302FFDE67E}.Debug|Mixed Platforms.Deploy.0 = Debug|iPhone
		{C775BAC7-4697-408C-9D13-88302FFDE67E}.Release|Any CPU.ActiveCfg = Release|iPhone
		{C775BAC7-4697-408C-9D13-88302FFDE67E}.Release|iPhone.ActiveCfg = Release|iPhone
		{C775BAC7-4697-408C-9D13-88302FFDE67E}.Release|iPhone.Build.0 = Release|iPhone
		{C775BAC7-4697-408C-9D13-88302FFDE67E}.Release|iPhone.Deploy.0 = Release|iPhone
		{C775BAC7-4697-408C-9D13-88302FFDE67E}.Release|iPhoneSimulator.ActiveCfg = Release|iPhoneSimulator
		{C775BAC7-4697-408C-9D13-88302FFDE67E}.Release|iPhoneSimulator.Build.0 = Release|iPhoneSimulator
		{C775BAC7-4697-408C-9D13-88302FFDE67E}.Release|iPhoneSimulator.Deploy.0 = Release|iPhoneSimulator
		{C775BAC7-4697-408C-9D13-88302FFDE67E}.Release|Mixed Platforms.ActiveCfg = Release|iPhone
		{C775BAC7-4697-408C-9D13-88302FFDE67E}.Release|Mixed Platforms.Build.0 = Release|iPhone
		{C775BAC7-4697-408C-9D13-88302FFDE67E}.Release|Mixed Platforms.Deploy.0 = Release|iPhone
		{90FF57D4-4332-4AE0-B78F-1E3372A5F3C8}.Ad-Hoc|Any CPU.ActiveCfg = Release|Any CPU
		{90FF57D4-4332-4AE0-B78F-1E3372A5F3C8}.Ad-Hoc|Any CPU.Build.0 = Release|Any CPU
		{90FF57D4-4332-4AE0-B78F-1E3372A5F3C8}.Ad-Hoc|Any CPU.Deploy.0 = Release|Any CPU
		{90FF57D4-4332-4AE0-B78F-1E3372A5F3C8}.Ad-Hoc|iPhone.ActiveCfg = Release|Any CPU
		{90FF57D4-4332-4AE0-B78F-1E3372A5F3C8}.Ad-Hoc|iPhoneSimulator.ActiveCfg = Release|Any CPU
		{90FF57D4-4332-4AE0-B78F-1E3372A5F3C8}.Ad-Hoc|Mixed Platforms.ActiveCfg = Release|Any CPU
		{90FF57D4-4332-4AE0-B78F-1E3372A5F3C8}.Ad-Hoc|Mixed Platforms.Build.0 = Release|Any CPU
		{90FF57D4-4332-4AE0-B78F-1E3372A5F3C8}.Ad-Hoc|Mixed Platforms.Deploy.0 = Release|Any CPU
		{90FF57D4-4332-4AE0-B78F-1E3372A5F3C8}.AppStore|Any CPU.ActiveCfg = Release|Any CPU
		{90FF57D4-4332-4AE0-B78F-1E3372A5F3C8}.AppStore|Any CPU.Build.0 = Release|Any CPU
		{90FF57D4-4332-4AE0-B78F-1E3372A5F3C8}.AppStore|Any CPU.Deploy.0 = Release|Any CPU
		{90FF57D4-4332-4AE0-B78F-1E3372A5F3C8}.AppStore|iPhone.ActiveCfg = Release|Any CPU
		{90FF57D4-4332-4AE0-B78F-1E3372A5F3C8}.AppStore|iPhoneSimulator.ActiveCfg = Release|Any CPU
		{90FF57D4-4332-4AE0-B78F-1E3372A5F3C8}.AppStore|Mixed Platforms.ActiveCfg = Release|Any CPU
		{90FF57D4-4332-4AE0-B78F-1E3372A5F3C8}.AppStore|Mixed Platforms.Build.0 = Release|Any CPU
		{90FF57D4-4332-4AE0-B78F-1E3372A5F3C8}.AppStore|Mixed Platforms.Deploy.0 = Release|Any CPU
		{90FF57D4-4332-4AE0-B78F-1E3372A5F3C8}.Debug|Any CPU.ActiveCfg = Debug|Any CPU
		{90FF57D4-4332-4AE0-B78F-1E3372A5F3C8}.Debug|Any CPU.Build.0 = Debug|Any CPU
		{90FF57D4-4332-4AE0-B78F-1E3372A5F3C8}.Debug|Any CPU.Deploy.0 = Debug|Any CPU
		{90FF57D4-4332-4AE0-B78F-1E3372A5F3C8}.Debug|iPhone.ActiveCfg = Debug|Any CPU
		{90FF57D4-4332-4AE0-B78F-1E3372A5F3C8}.Debug|iPhoneSimulator.ActiveCfg = Debug|Any CPU
		{90FF57D4-4332-4AE0-B78F-1E3372A5F3C8}.Debug|Mixed Platforms.ActiveCfg = Debug|Any CPU
		{90FF57D4-4332-4AE0-B78F-1E3372A5F3C8}.Debug|Mixed Platforms.Build.0 = Debug|Any CPU
		{90FF57D4-4332-4AE0-B78F-1E3372A5F3C8}.Debug|Mixed Platforms.Deploy.0 = Debug|Any CPU
		{90FF57D4-4332-4AE0-B78F-1E3372A5F3C8}.Release|Any CPU.ActiveCfg = Release|Any CPU
		{90FF57D4-4332-4AE0-B78F-1E3372A5F3C8}.Release|Any CPU.Build.0 = Release|Any CPU
		{90FF57D4-4332-4AE0-B78F-1E3372A5F3C8}.Release|Any CPU.Deploy.0 = Release|Any CPU
		{90FF57D4-4332-4AE0-B78F-1E3372A5F3C8}.Release|iPhone.ActiveCfg = Release|Any CPU
		{90FF57D4-4332-4AE0-B78F-1E3372A5F3C8}.Release|iPhoneSimulator.ActiveCfg = Release|Any CPU
		{90FF57D4-4332-4AE0-B78F-1E3372A5F3C8}.Release|Mixed Platforms.ActiveCfg = Release|Any CPU
		{90FF57D4-4332-4AE0-B78F-1E3372A5F3C8}.Release|Mixed Platforms.Build.0 = Release|Any CPU
		{90FF57D4-4332-4AE0-B78F-1E3372A5F3C8}.Release|Mixed Platforms.Deploy.0 = Release|Any CPU
	EndGlobalSection
	GlobalSection(SolutionProperties) = preSolution
		HideSolutionNode = FALSE
	EndGlobalSection
EndGlobal
